// !$*UTF8*$!
{
	archiveVersion = 1;
	classes = {
	};
	objectVersion = 56;
	objects = {

/* Begin PBXBuildFile section */
		CB99477E2BCB310E00C8568A /* AppDelegate.swift in Sources */ = {isa = PBXBuildFile; fileRef = CB99477D2BCB310E00C8568A /* AppDelegate.swift */; };
		CB9947802BCB310E00C8568A /* SceneDelegate.swift in Sources */ = {isa = PBXBuildFile; fileRef = CB99477F2BCB310E00C8568A /* SceneDelegate.swift */; };
		CB9947822BCB310E00C8568A /* ViewController.swift in Sources */ = {isa = PBXBuildFile; fileRef = CB9947812BCB310E00C8568A /* ViewController.swift */; };
		CB9947852BCB310E00C8568A /* Main.storyboard in Resources */ = {isa = PBXBuildFile; fileRef = CB9947832BCB310E00C8568A /* Main.storyboard */; };
		CB9947882BCB310E00C8568A /* Smit_Patel_FE_8965581.xcdatamodeld in Sources */ = {isa = PBXBuildFile; fileRef = CB9947862BCB310E00C8568A /* Smit_Patel_FE_8965581.xcdatamodeld */; };
		CB99478A2BCB310F00C8568A /* Assets.xcassets in Resources */ = {isa = PBXBuildFile; fileRef = CB9947892BCB310F00C8568A /* Assets.xcassets */; };
		CB99478D2BCB310F00C8568A /* LaunchScreen.storyboard in Resources */ = {isa = PBXBuildFile; fileRef = CB99478B2BCB310F00C8568A /* LaunchScreen.storyboard */; };
		CB9947982BCB310F00C8568A /* Smit_Patel_FE_8965581Tests.swift in Sources */ = {isa = PBXBuildFile; fileRef = CB9947972BCB310F00C8568A /* Smit_Patel_FE_8965581Tests.swift */; };
		CB9947A22BCB310F00C8568A /* Smit_Patel_FE_8965581UITests.swift in Sources */ = {isa = PBXBuildFile; fileRef = CB9947A12BCB310F00C8568A /* Smit_Patel_FE_8965581UITests.swift */; };
		CB9947A42BCB310F00C8568A /* Smit_Patel_FE_8965581UITestsLaunchTests.swift in Sources */ = {isa = PBXBuildFile; fileRef = CB9947A32BCB310F00C8568A /* Smit_Patel_FE_8965581UITestsLaunchTests.swift */; };
/* End PBXBuildFile section */

/* Begin PBXContainerItemProxy section */
		CB9947942BCB310F00C8568A /* PBXContainerItemProxy */ = {
			isa = PBXContainerItemProxy;
			containerPortal = CB9947722BCB310E00C8568A /* Project object */;
			proxyType = 1;
			remoteGlobalIDString = CB9947792BCB310E00C8568A;
			remoteInfo = Smit_Patel_FE_8965581;
		};
		CB99479E2BCB310F00C8568A /* PBXContainerItemProxy */ = {
			isa = PBXContainerItemProxy;
			containerPortal = CB9947722BCB310E00C8568A /* Project object */;
			proxyType = 1;
			remoteGlobalIDString = CB9947792BCB310E00C8568A;
			remoteInfo = Smit_Patel_FE_8965581;
		};
/* End PBXContainerItemProxy section */

/* Begin PBXFileReference section */
		CB99477A2BCB310E00C8568A /* Smit_Patel_FE_8965581.app */ = {isa = PBXFileReference; explicitFileType = wrapper.application; includeInIndex = 0; path = Smit_Patel_FE_8965581.app; sourceTree = BUILT_PRODUCTS_DIR; };
		CB99477D2BCB310E00C8568A /* AppDelegate.swift */ = {isa = PBXFileReference; lastKnownFileType = sourcecode.swift; path = AppDelegate.swift; sourceTree = "<group>"; };
		CB99477F2BCB310E00C8568A /* SceneDelegate.swift */ = {isa = PBXFileReference; lastKnownFileType = sourcecode.swift; path = SceneDelegate.swift; sourceTree = "<group>"; };
		CB9947812BCB310E00C8568A /* ViewController.swift */ = {isa = PBXFileReference; lastKnownFileType = sourcecode.swift; path = ViewController.swift; sourceTree = "<group>"; };
		CB9947842BCB310E00C8568A /* Base */ = {isa = PBXFileReference; lastKnownFileType = file.storyboard; name = Base; path = Base.lproj/Main.storyboard; sourceTree = "<group>"; };
		CB9947872BCB310E00C8568A /* Smit_Patel_FE_8965581.xcdatamodel */ = {isa = PBXFileReference; lastKnownFileType = wrapper.xcdatamodel; path = Smit_Patel_FE_8965581.xcdatamodel; sourceTree = "<group>"; };
		CB9947892BCB310F00C8568A /* Assets.xcassets */ = {isa = PBXFileReference; lastKnownFileType = folder.assetcatalog; path = Assets.xcassets; sourceTree = "<group>"; };
		CB99478C2BCB310F00C8568A /* Base */ = {isa = PBXFileReference; lastKnownFileType = file.storyboard; name = Base; path = Base.lproj/LaunchScreen.storyboard; sourceTree = "<group>"; };
		CB99478E2BCB310F00C8568A /* Info.plist */ = {isa = PBXFileReference; lastKnownFileType = text.plist.xml; path = Info.plist; sourceTree = "<group>"; };
		CB9947932BCB310F00C8568A /* Smit_Patel_FE_8965581Tests.xctest */ = {isa = PBXFileReference; explicitFileType = wrapper.cfbundle; includeInIndex = 0; path = Smit_Patel_FE_8965581Tests.xctest; sourceTree = BUILT_PRODUCTS_DIR; };
		CB9947972BCB310F00C8568A /* Smit_Patel_FE_8965581Tests.swift */ = {isa = PBXFileReference; lastKnownFileType = sourcecode.swift; path = Smit_Patel_FE_8965581Tests.swift; sourceTree = "<group>"; };
		CB99479D2BCB310F00C8568A /* Smit_Patel_FE_8965581UITests.xctest */ = {isa = PBXFileReference; explicitFileType = wrapper.cfbundle; includeInIndex = 0; path = Smit_Patel_FE_8965581UITests.xctest; sourceTree = BUILT_PRODUCTS_DIR; };
		CB9947A12BCB310F00C8568A /* Smit_Patel_FE_8965581UITests.swift */ = {isa = PBXFileReference; lastKnownFileType = sourcecode.swift; path = Smit_Patel_FE_8965581UITests.swift; sourceTree = "<group>"; };
		CB9947A32BCB310F00C8568A /* Smit_Patel_FE_8965581UITestsLaunchTests.swift */ = {isa = PBXFileReference; lastKnownFileType = sourcecode.swift; path = Smit_Patel_FE_8965581UITestsLaunchTests.swift; sourceTree = "<group>"; };
/* End PBXFileReference section */

/* Begin PBXFrameworksBuildPhase section */
		CB9947772BCB310E00C8568A /* Frameworks */ = {
			isa = PBXFrameworksBuildPhase;
			buildActionMask = 2147483647;
			files = (
			);
			runOnlyForDeploymentPostprocessing = 0;
		};
		CB9947902BCB310F00C8568A /* Frameworks */ = {
			isa = PBXFrameworksBuildPhase;
			buildActionMask = 2147483647;
			files = (
			);
			runOnlyForDeploymentPostprocessing = 0;
		};
		CB99479A2BCB310F00C8568A /* Frameworks */ = {
			isa = PBXFrameworksBuildPhase;
			buildActionMask = 2147483647;
			files = (
			);
			runOnlyForDeploymentPostprocessing = 0;
		};
/* End PBXFrameworksBuildPhase section */

/* Begin PBXGroup section */
		CB9947712BCB310E00C8568A = {
			isa = PBXGroup;
			children = (
				CB99477C2BCB310E00C8568A /* Smit_Patel_FE_8965581 */,
				CB9947962BCB310F00C8568A /* Smit_Patel_FE_8965581Tests */,
				CB9947A02BCB310F00C8568A /* Smit_Patel_FE_8965581UITests */,
				CB99477B2BCB310E00C8568A /* Products */,
			);
			sourceTree = "<group>";
		};
		CB99477B2BCB310E00C8568A /* Products */ = {
			isa = PBXGroup;
			children = (
				CB99477A2BCB310E00C8568A /* Smit_Patel_FE_8965581.app */,
				CB9947932BCB310F00C8568A /* Smit_Patel_FE_8965581Tests.xctest */,
				CB99479D2BCB310F00C8568A /* Smit_Patel_FE_8965581UITests.xctest */,
			);
			name = Products;
			sourceTree = "<group>";
		};
		CB99477C2BCB310E00C8568A /* Smit_Patel_FE_8965581 */ = {
			isa = PBXGroup;
			children = (
				CB99477D2BCB310E00C8568A /* AppDelegate.swift */,
				CB99477F2BCB310E00C8568A /* SceneDelegate.swift */,
				CB9947812BCB310E00C8568A /* ViewController.swift */,
				CB9947832BCB310E00C8568A /* Main.storyboard */,
				CB9947892BCB310F00C8568A /* Assets.xcassets */,
				CB99478B2BCB310F00C8568A /* LaunchScreen.storyboard */,
				CB99478E2BCB310F00C8568A /* Info.plist */,
				CB9947862BCB310E00C8568A /* Smit_Patel_FE_8965581.xcdatamodeld */,
			);
			path = Smit_Patel_FE_8965581;
			sourceTree = "<group>";
		};
		CB9947962BCB310F00C8568A /* Smit_Patel_FE_8965581Tests */ = {
			isa = PBXGroup;
			children = (
				CB9947972BCB310F00C8568A /* Smit_Patel_FE_8965581Tests.swift */,
			);
			path = Smit_Patel_FE_8965581Tests;
			sourceTree = "<group>";
		};
		CB9947A02BCB310F00C8568A /* Smit_Patel_FE_8965581UITests */ = {
			isa = PBXGroup;
			children = (
				CB9947A12BCB310F00C8568A /* Smit_Patel_FE_8965581UITests.swift */,
				CB9947A32BCB310F00C8568A /* Smit_Patel_FE_8965581UITestsLaunchTests.swift */,
			);
			path = Smit_Patel_FE_8965581UITests;
			sourceTree = "<group>";
		};
/* End PBXGroup section */

/* Begin PBXNativeTarget section */
		CB9947792BCB310E00C8568A /* Smit_Patel_FE_8965581 */ = {
			isa = PBXNativeTarget;
			buildConfigurationList = CB9947A72BCB310F00C8568A /* Build configuration list for PBXNativeTarget "Smit_Patel_FE_8965581" */;
			buildPhases = (
				CB9947762BCB310E00C8568A /* Sources */,
				CB9947772BCB310E00C8568A /* Frameworks */,
				CB9947782BCB310E00C8568A /* Resources */,
			);
			buildRules = (
			);
			dependencies = (
			);
			name = Smit_Patel_FE_8965581;
			productName = Smit_Patel_FE_8965581;
			productReference = CB99477A2BCB310E00C8568A /* Smit_Patel_FE_8965581.app */;
			productType = "com.apple.product-type.application";
		};
		CB9947922BCB310F00C8568A /* Smit_Patel_FE_8965581Tests */ = {
			isa = PBXNativeTarget;
			buildConfigurationList = CB9947AA2BCB310F00C8568A /* Build configuration list for PBXNativeTarget "Smit_Patel_FE_8965581Tests" */;
			buildPhases = (
				CB99478F2BCB310F00C8568A /* Sources */,
				CB9947902BCB310F00C8568A /* Frameworks */,
				CB9947912BCB310F00C8568A /* Resources */,
			);
			buildRules = (
			);
			dependencies = (
				CB9947952BCB310F00C8568A /* PBXTargetDependency */,
			);
			name = Smit_Patel_FE_8965581Tests;
			productName = Smit_Patel_FE_8965581Tests;
			productReference = CB9947932BCB310F00C8568A /* Smit_Patel_FE_8965581Tests.xctest */;
			productType = "com.apple.product-type.bundle.unit-test";
		};
		CB99479C2BCB310F00C8568A /* Smit_Patel_FE_8965581UITests */ = {
			isa = PBXNativeTarget;
			buildConfigurationList = CB9947AD2BCB310F00C8568A /* Build configuration list for PBXNativeTarget "Smit_Patel_FE_8965581UITests" */;
			buildPhases = (
				CB9947992BCB310F00C8568A /* Sources */,
				CB99479A2BCB310F00C8568A /* Frameworks */,
				CB99479B2BCB310F00C8568A /* Resources */,
			);
			buildRules = (
			);
			dependencies = (
				CB99479F2BCB310F00C8568A /* PBXTargetDependency */,
			);
			name = Smit_Patel_FE_8965581UITests;
			productName = Smit_Patel_FE_8965581UITests;
			productReference = CB99479D2BCB310F00C8568A /* Smit_Patel_FE_8965581UITests.xctest */;
			productType = "com.apple.product-type.bundle.ui-testing";
		};
/* End PBXNativeTarget section */

/* Begin PBXProject section */
		CB9947722BCB310E00C8568A /* Project object */ = {
			isa = PBXProject;
			attributes = {
				BuildIndependentTargetsInParallel = 1;
				LastSwiftUpdateCheck = 1420;
				LastUpgradeCheck = 1420;
				TargetAttributes = {
					CB9947792BCB310E00C8568A = {
						CreatedOnToolsVersion = 14.2;
					};
					CB9947922BCB310F00C8568A = {
						CreatedOnToolsVersion = 14.2;
						TestTargetID = CB9947792BCB310E00C8568A;
					};
					CB99479C2BCB310F00C8568A = {
						CreatedOnToolsVersion = 14.2;
						TestTargetID = CB9947792BCB310E00C8568A;
					};
				};
			};
			buildConfigurationList = CB9947752BCB310E00C8568A /* Build configuration list for PBXProject "Smit_Patel_FE_8965581" */;
			compatibilityVersion = "Xcode 14.0";
			developmentRegion = en;
			hasScannedForEncodings = 0;
			knownRegions = (
				en,
				Base,
			);
			mainGroup = CB9947712BCB310E00C8568A;
			productRefGroup = CB99477B2BCB310E00C8568A /* Products */;
			projectDirPath = "";
			projectRoot = "";
			targets = (
				CB9947792BCB310E00C8568A /* Smit_Patel_FE_8965581 */,
				CB9947922BCB310F00C8568A /* Smit_Patel_FE_8965581Tests */,
				CB99479C2BCB310F00C8568A /* Smit_Patel_FE_8965581UITests */,
			);
		};
/* End PBXProject section */

/* Begin PBXResourcesBuildPhase section */
		CB9947782BCB310E00C8568A /* Resources */ = {
			isa = PBXResourcesBuildPhase;
			buildActionMask = 2147483647;
			files = (
				CB99478D2BCB310F00C8568A /* LaunchScreen.storyboard in Resources */,
				CB99478A2BCB310F00C8568A /* Assets.xcassets in Resources */,
				CB9947852BCB310E00C8568A /* Main.storyboard in Resources */,
			);
			runOnlyForDeploymentPostprocessing = 0;
		};
		CB9947912BCB310F00C8568A /* Resources */ = {
			isa = PBXResourcesBuildPhase;
			buildActionMask = 2147483647;
			files = (
			);
			runOnlyForDeploymentPostprocessing = 0;
		};
		CB99479B2BCB310F00C8568A /* Resources */ = {
			isa = PBXResourcesBuildPhase;
			buildActionMask = 2147483647;
			files = (
			);
			runOnlyForDeploymentPostprocessing = 0;
		};
/* End PBXResourcesBuildPhase section */

/* Begin PBXSourcesBuildPhase section */
		CB9947762BCB310E00C8568A /* Sources */ = {
			isa = PBXSourcesBuildPhase;
			buildActionMask = 2147483647;
			files = (
				CB9947822BCB310E00C8568A /* ViewController.swift in Sources */,
				CB99477E2BCB310E00C8568A /* AppDelegate.swift in Sources */,
				CB9947802BCB310E00C8568A /* SceneDelegate.swift in Sources */,
				CB9947882BCB310E00C8568A /* Smit_Patel_FE_8965581.xcdatamodeld in Sources */,
			);
			runOnlyForDeploymentPostprocessing = 0;
		};
		CB99478F2BCB310F00C8568A /* Sources */ = {
			isa = PBXSourcesBuildPhase;
			buildActionMask = 2147483647;
			files = (
				CB9947982BCB310F00C8568A /* Smit_Patel_FE_8965581Tests.swift in Sources */,
			);
			runOnlyForDeploymentPostprocessing = 0;
		};
		CB9947992BCB310F00C8568A /* Sources */ = {
			isa = PBXSourcesBuildPhase;
			buildActionMask = 2147483647;
			files = (
				CB9947A42BCB310F00C8568A /* Smit_Patel_FE_8965581UITestsLaunchTests.swift in Sources */,
				CB9947A22BCB310F00C8568A /* Smit_Patel_FE_8965581UITests.swift in Sources */,
			);
			runOnlyForDeploymentPostprocessing = 0;
		};
/* End PBXSourcesBuildPhase section */

/* Begin PBXTargetDependency section */
		CB9947952BCB310F00C8568A /* PBXTargetDependency */ = {
			isa = PBXTargetDependency;
			target = CB9947792BCB310E00C8568A /* Smit_Patel_FE_8965581 */;
			targetProxy = CB9947942BCB310F00C8568A /* PBXContainerItemProxy */;
		};
		CB99479F2BCB310F00C8568A /* PBXTargetDependency */ = {
			isa = PBXTargetDependency;
			target = CB9947792BCB310E00C8568A /* Smit_Patel_FE_8965581 */;
			targetProxy = CB99479E2BCB310F00C8568A /* PBXContainerItemProxy */;
		};
/* End PBXTargetDependency section */

/* Begin PBXVariantGroup section */
		CB9947832BCB310E00C8568A /* Main.storyboard */ = {
			isa = PBXVariantGroup;
			children = (
				CB9947842BCB310E00C8568A /* Base */,
			);
			name = Main.storyboard;
			sourceTree = "<group>";
		};
		CB99478B2BCB310F00C8568A /* LaunchScreen.storyboard */ = {
			isa = PBXVariantGroup;
			children = (
				CB99478C2BCB310F00C8568A /* Base */,
			);
			name = LaunchScreen.storyboard;
			sourceTree = "<group>";
		};
/* End PBXVariantGroup section */

/* Begin XCBuildConfiguration section */
		CB9947A52BCB310F00C8568A /* Debug */ = {
			isa = XCBuildConfiguration;
			buildSettings = {
				ALWAYS_SEARCH_USER_PATHS = NO;
				CLANG_ANALYZER_NONNULL = YES;
				CLANG_ANALYZER_NUMBER_OBJECT_CONVERSION = YES_AGGRESSIVE;
				CLANG_CXX_LANGUAGE_STANDARD = "gnu++20";
				CLANG_ENABLE_MODULES = YES;
				CLANG_ENABLE_OBJC_ARC = YES;
				CLANG_ENABLE_OBJC_WEAK = YES;
				CLANG_WARN_BLOCK_CAPTURE_AUTORELEASING = YES;
				CLANG_WARN_BOOL_CONVERSION = YES;
				CLANG_WARN_COMMA = YES;
				CLANG_WARN_CONSTANT_CONVERSION = YES;
				CLANG_WARN_DEPRECATED_OBJC_IMPLEMENTATIONS = YES;
				CLANG_WARN_DIRECT_OBJC_ISA_USAGE = YES_ERROR;
				CLANG_WARN_DOCUMENTATION_COMMENTS = YES;
				CLANG_WARN_EMPTY_BODY = YES;
				CLANG_WARN_ENUM_CONVERSION = YES;
				CLANG_WARN_INFINITE_RECURSION = YES;
				CLANG_WARN_INT_CONVERSION = YES;
				CLANG_WARN_NON_LITERAL_NULL_CONVERSION = YES;
				CLANG_WARN_OBJC_IMPLICIT_RETAIN_SELF = YES;
				CLANG_WARN_OBJC_LITERAL_CONVERSION = YES;
				CLANG_WARN_OBJC_ROOT_CLASS = YES_ERROR;
				CLANG_WARN_QUOTED_INCLUDE_IN_FRAMEWORK_HEADER = YES;
				CLANG_WARN_RANGE_LOOP_ANALYSIS = YES;
				CLANG_WARN_STRICT_PROTOTYPES = YES;
				CLANG_WARN_SUSPICIOUS_MOVE = YES;
				CLANG_WARN_UNGUARDED_AVAILABILITY = YES_AGGRESSIVE;
				CLANG_WARN_UNREACHABLE_CODE = YES;
				CLANG_WARN__DUPLICATE_METHOD_MATCH = YES;
				COPY_PHASE_STRIP = NO;
				DEBUG_INFORMATION_FORMAT = dwarf;
				ENABLE_STRICT_OBJC_MSGSEND = YES;
				ENABLE_TESTABILITY = YES;
				GCC_C_LANGUAGE_STANDARD = gnu11;
				GCC_DYNAMIC_NO_PIC = NO;
				GCC_NO_COMMON_BLOCKS = YES;
				GCC_OPTIMIZATION_LEVEL = 0;
				GCC_PREPROCESSOR_DEFINITIONS = (
					"DEBUG=1",
					"$(inherited)",
				);
				GCC_WARN_64_TO_32_BIT_CONVERSION = YES;
				GCC_WARN_ABOUT_RETURN_TYPE = YES_ERROR;
				GCC_WARN_UNDECLARED_SELECTOR = YES;
				GCC_WARN_UNINITIALIZED_AUTOS = YES_AGGRESSIVE;
				GCC_WARN_UNUSED_FUNCTION = YES;
				GCC_WARN_UNUSED_VARIABLE = YES;
				IPHONEOS_DEPLOYMENT_TARGET = 16.2;
				MTL_ENABLE_DEBUG_INFO = INCLUDE_SOURCE;
				MTL_FAST_MATH = YES;
				ONLY_ACTIVE_ARCH = YES;
				SDKROOT = iphoneos;
				SWIFT_ACTIVE_COMPILATION_CONDITIONS = DEBUG;
				SWIFT_OPTIMIZATION_LEVEL = "-Onone";
			};
			name = Debug;
		};
		CB9947A62BCB310F00C8568A /* Release */ = {
			isa = XCBuildConfiguration;
			buildSettings = {
				ALWAYS_SEARCH_USER_PATHS = NO;
				CLANG_ANALYZER_NONNULL = YES;
				CLANG_ANALYZER_NUMBER_OBJECT_CONVERSION = YES_AGGRESSIVE;
				CLANG_CXX_LANGUAGE_STANDARD = "gnu++20";
				CLANG_ENABLE_MODULES = YES;
				CLANG_ENABLE_OBJC_ARC = YES;
				CLANG_ENABLE_OBJC_WEAK = YES;
				CLANG_WARN_BLOCK_CAPTURE_AUTORELEASING = YES;
				CLANG_WARN_BOOL_CONVERSION = YES;
				CLANG_WARN_COMMA = YES;
				CLANG_WARN_CONSTANT_CONVERSION = YES;
				CLANG_WARN_DEPRECATED_OBJC_IMPLEMENTATIONS = YES;
				CLANG_WARN_DIRECT_OBJC_ISA_USAGE = YES_ERROR;
				CLANG_WARN_DOCUMENTATION_COMMENTS = YES;
				CLANG_WARN_EMPTY_BODY = YES;
				CLANG_WARN_ENUM_CONVERSION = YES;
				CLANG_WARN_INFINITE_RECURSION = YES;
				CLANG_WARN_INT_CONVERSION = YES;
				CLANG_WARN_NON_LITERAL_NULL_CONVERSION = YES;
				CLANG_WARN_OBJC_IMPLICIT_RETAIN_SELF = YES;
				CLANG_WARN_OBJC_LITERAL_CONVERSION = YES;
				CLANG_WARN_OBJC_ROOT_CLASS = YES_ERROR;
				CLANG_WARN_QUOTED_INCLUDE_IN_FRAMEWORK_HEADER = YES;
				CLANG_WARN_RANGE_LOOP_ANALYSIS = YES;
				CLANG_WARN_STRICT_PROTOTYPES = YES;
				CLANG_WARN_SUSPICIOUS_MOVE = YES;
				CLANG_WARN_UNGUARDED_AVAILABILITY = YES_AGGRESSIVE;
				CLANG_WARN_UNREACHABLE_CODE = YES;
				CLANG_WARN__DUPLICATE_METHOD_MATCH = YES;
				COPY_PHASE_STRIP = NO;
				DEBUG_INFORMATION_FORMAT = "dwarf-with-dsym";
				ENABLE_NS_ASSERTIONS = NO;
				ENABLE_STRICT_OBJC_MSGSEND = YES;
				GCC_C_LANGUAGE_STANDARD = gnu11;
				GCC_NO_COMMON_BLOCKS = YES;
				GCC_WARN_64_TO_32_BIT_CONVERSION = YES;
				GCC_WARN_ABOUT_RETURN_TYPE = YES_ERROR;
				GCC_WARN_UNDECLARED_SELECTOR = YES;
				GCC_WARN_UNINITIALIZED_AUTOS = YES_AGGRESSIVE;
				GCC_WARN_UNUSED_FUNCTION = YES;
				GCC_WARN_UNUSED_VARIABLE = YES;
				IPHONEOS_DEPLOYMENT_TARGET = 16.2;
				MTL_ENABLE_DEBUG_INFO = NO;
				MTL_FAST_MATH = YES;
				SDKROOT = iphoneos;
				SWIFT_COMPILATION_MODE = wholemodule;
				SWIFT_OPTIMIZATION_LEVEL = "-O";
				VALIDATE_PRODUCT = YES;
			};
			name = Release;
		};
		CB9947A82BCB310F00C8568A /* Debug */ = {
			isa = XCBuildConfiguration;
			buildSettings = {
				ASSETCATALOG_COMPILER_APPICON_NAME = AppIcon;
				ASSETCATALOG_COMPILER_GLOBAL_ACCENT_COLOR_NAME = AccentColor;
				CODE_SIGN_STYLE = Automatic;
				CURRENT_PROJECT_VERSION = 1;
				GENERATE_INFOPLIST_FILE = YES;
				INFOPLIST_FILE = Smit_Patel_FE_8965581/Info.plist;
				INFOPLIST_KEY_UIApplicationSupportsIndirectInputEvents = YES;
				INFOPLIST_KEY_UILaunchStoryboardName = LaunchScreen;
				INFOPLIST_KEY_UIMainStoryboardFile = Main;
				INFOPLIST_KEY_UISupportedInterfaceOrientations_iPad = "UIInterfaceOrientationPortrait UIInterfaceOrientationPortraitUpsideDown UIInterfaceOrientationLandscapeLeft UIInterfaceOrientationLandscapeRight";
				INFOPLIST_KEY_UISupportedInterfaceOrientations_iPhone = "UIInterfaceOrientationPortrait UIInterfaceOrientationLandscapeLeft UIInterfaceOrientationLandscapeRight";
				LD_RUNPATH_SEARCH_PATHS = (
					"$(inherited)",
					"@executable_path/Frameworks",
				);
				MARKETING_VERSION = 1.0;
				PRODUCT_BUNDLE_IDENTIFIER = "com.conestoga.Smit-Patel-FE-8965581";
				PRODUCT_NAME = "$(TARGET_NAME)";
				SWIFT_EMIT_LOC_STRINGS = YES;
				SWIFT_VERSION = 5.0;
				TARGETED_DEVICE_FAMILY = "1,2";
			};
			name = Debug;
		};
		CB9947A92BCB310F00C8568A /* Release */ = {
			isa = XCBuildConfiguration;
			buildSettings = {
				ASSETCATALOG_COMPILER_APPICON_NAME = AppIcon;
				ASSETCATALOG_COMPILER_GLOBAL_ACCENT_COLOR_NAME = AccentColor;
				CODE_SIGN_STYLE = Automatic;
				CURRENT_PROJECT_VERSION = 1;
				GENERATE_INFOPLIST_FILE = YES;
				INFOPLIST_FILE = Smit_Patel_FE_8965581/Info.plist;
				INFOPLIST_KEY_UIApplicationSupportsIndirectInputEvents = YES;
				INFOPLIST_KEY_UILaunchStoryboardName = LaunchScreen;
				INFOPLIST_KEY_UIMainStoryboardFile = Main;
				INFOPLIST_KEY_UISupportedInterfaceOrientations_iPad = "UIInterfaceOrientationPortrait UIInterfaceOrientationPortraitUpsideDown UIInterfaceOrientationLandscapeLeft UIInterfaceOrientationLandscapeRight";
				INFOPLIST_KEY_UISupportedInterfaceOrientations_iPhone = "UIInterfaceOrientationPortrait UIInterfaceOrientationLandscapeLeft UIInterfaceOrientationLandscapeRight";
				LD_RUNPATH_SEARCH_PATHS = (
					"$(inherited)",
					"@executable_path/Frameworks",
				);
				MARKETING_VERSION = 1.0;
				PRODUCT_BUNDLE_IDENTIFIER = "com.conestoga.Smit-Patel-FE-8965581";
				PRODUCT_NAME = "$(TARGET_NAME)";
				SWIFT_EMIT_LOC_STRINGS = YES;
				SWIFT_VERSION = 5.0;
				TARGETED_DEVICE_FAMILY = "1,2";
			};
			name = Release;
		};
		CB9947AB2BCB310F00C8568A /* Debug */ = {
			isa = XCBuildConfiguration;
			buildSettings = {
				ALWAYS_EMBED_SWIFT_STANDARD_LIBRARIES = YES;
				BUNDLE_LOADER = "$(TEST_HOST)";
				CODE_SIGN_STYLE = Automatic;
				CURRENT_PROJECT_VERSION = 1;
				GENERATE_INFOPLIST_FILE = YES;
				IPHONEOS_DEPLOYMENT_TARGET = 16.2;
				MARKETING_VERSION = 1.0;
				PRODUCT_BUNDLE_IDENTIFIER = "com.conestoga.Smit-Patel-FE-8965581Tests";
				PRODUCT_NAME = "$(TARGET_NAME)";
				SWIFT_EMIT_LOC_STRINGS = NO;
				SWIFT_VERSION = 5.0;
				TARGETED_DEVICE_FAMILY = "1,2";
				TEST_HOST = "$(BUILT_PRODUCTS_DIR)/Smit_Patel_FE_8965581.app/$(BUNDLE_EXECUTABLE_FOLDER_PATH)/Smit_Patel_FE_8965581";
			};
			name = Debug;
		};
		CB9947AC2BCB310F00C8568A /* Release */ = {
			isa = XCBuildConfiguration;
			buildSettings = {
				ALWAYS_EMBED_SWIFT_STANDARD_LIBRARIES = YES;
				BUNDLE_LOADER = "$(TEST_HOST)";
				CODE_SIGN_STYLE = Automatic;
				CURRENT_PROJECT_VERSION = 1;
				GENERATE_INFOPLIST_FILE = YES;
				IPHONEOS_DEPLOYMENT_TARGET = 16.2;
				MARKETING_VERSION = 1.0;
				PRODUCT_BUNDLE_IDENTIFIER = "com.conestoga.Smit-Patel-FE-8965581Tests";
				PRODUCT_NAME = "$(TARGET_NAME)";
				SWIFT_EMIT_LOC_STRINGS = NO;
				SWIFT_VERSION = 5.0;
				TARGETED_DEVICE_FAMILY = "1,2";
				TEST_HOST = "$(BUILT_PRODUCTS_DIR)/Smit_Patel_FE_8965581.app/$(BUNDLE_EXECUTABLE_FOLDER_PATH)/Smit_Patel_FE_8965581";
			};
			name = Release;
		};
		CB9947AE2BCB310F00C8568A /* Debug */ = {
			isa = XCBuildConfiguration;
			buildSettings = {
				ALWAYS_EMBED_SWIFT_STANDARD_LIBRARIES = YES;
				CODE_SIGN_STYLE = Automatic;
				CURRENT_PROJECT_VERSION = 1;
				GENERATE_INFOPLIST_FILE = YES;
				MARKETING_VERSION = 1.0;
				PRODUCT_BUNDLE_IDENTIFIER = "com.conestoga.Smit-Patel-FE-8965581UITests";
				PRODUCT_NAME = "$(TARGET_NAME)";
				SWIFT_EMIT_LOC_STRINGS = NO;
				SWIFT_VERSION = 5.0;
				TARGETED_DEVICE_FAMILY = "1,2";
				TEST_TARGET_NAME = Smit_Patel_FE_8965581;
			};
			name = Debug;
		};
		CB9947AF2BCB310F00C8568A /* Release */ = {
			isa = XCBuildConfiguration;
			buildSettings = {
				ALWAYS_EMBED_SWIFT_STANDARD_LIBRARIES = YES;
				CODE_SIGN_STYLE = Automatic;
				CURRENT_PROJECT_VERSION = 1;
				GENERATE_INFOPLIST_FILE = YES;
				MARKETING_VERSION = 1.0;
				PRODUCT_BUNDLE_IDENTIFIER = "com.conestoga.Smit-Patel-FE-8965581UITests";
				PRODUCT_NAME = "$(TARGET_NAME)";
				SWIFT_EMIT_LOC_STRINGS = NO;
				SWIFT_VERSION = 5.0;
				TARGETED_DEVICE_FAMILY = "1,2";
				TEST_TARGET_NAME = Smit_Patel_FE_8965581;
			};
			name = Release;
		};
/* End XCBuildConfiguration section */

/* Begin XCConfigurationList section */
		CB9947752BCB310E00C8568A /* Build configuration list for PBXProject "Smit_Patel_FE_8965581" */ = {
			isa = XCConfigurationList;
			buildConfigurations = (
				CB9947A52BCB310F00C8568A /* Debug */,
				CB9947A62BCB310F00C8568A /* Release */,
			);
			defaultConfigurationIsVisible = 0;
			defaultConfigurationName = Release;
		};
		CB9947A72BCB310F00C8568A /* Build configuration list for PBXNativeTarget "Smit_Patel_FE_8965581" */ = {
			isa = XCConfigurationList;
			buildConfigurations = (
				CB9947A82BCB310F00C8568A /* Debug */,
				CB9947A92BCB310F00C8568A /* Release */,
			);
			defaultConfigurationIsVisible = 0;
			defaultConfigurationName = Release;
		};
		CB9947AA2BCB310F00C8568A /* Build configuration list for PBXNativeTarget "Smit_Patel_FE_8965581Tests" */ = {
			isa = XCConfigurationList;
			buildConfigurations = (
				CB9947AB2BCB310F00C8568A /* Debug */,
				CB9947AC2BCB310F00C8568A /* Release */,
			);
			defaultConfigurationIsVisible = 0;
			defaultConfigurationName = Release;
		};
		CB9947AD2BCB310F00C8568A /* Build configuration list for PBXNativeTarget "Smit_Patel_FE_8965581UITests" */ = {
			isa = XCConfigurationList;
			buildConfigurations = (
				CB9947AE2BCB310F00C8568A /* Debug */,
				CB9947AF2BCB310F00C8568A /* Release */,
			);
			defaultConfigurationIsVisible = 0;
			defaultConfigurationName = Release;
		};
/* End XCConfigurationList section */

/* Begin XCVersionGroup section */
		CB9947862BCB310E00C8568A /* Smit_Patel_FE_8965581.xcdatamodeld */ = {
			isa = XCVersionGroup;
			children = (
				CB9947872BCB310E00C8568A /* Smit_Patel_FE_8965581.xcdatamodel */,
			);
			currentVersion = CB9947872BCB310E00C8568A /* Smit_Patel_FE_8965581.xcdatamodel */;
			path = Smit_Patel_FE_8965581.xcdatamodeld;
			sourceTree = "<group>";
			versionGroupType = wrapper.xcdatamodel;
		};
/* End XCVersionGroup section */
	};
	rootObject = CB9947722BCB310E00C8568A /* Project object */;
}
